github.com/golang/protobuf v1.5.0/go.mod h1:FsONVRAS9T7sI+LIUmWTfcYkHO4aIWwzhcaSAoJOfIk=
github.com/google/go-cmp v0.5.5/go.mod h1:v8dTdLbMG2kIc/vJvl+f65V22dbkXbowE6jgT/gNBxE=
github.com/hashicorp/golang-lru v0.5.4 h1:YDjusn29QI/Das2iO9M0BHnIbxPeyuCHsjMW+lJfyTc=
github.com/hashicorp/golang-lru v0.5.4/go.mod h1:iADmTwqILo4mZ8BN3D2Q6+9jd8WM5uGBxy+E8yxSoD4=
github.com/hippoai/goerr v0.0.0-20170815205148-e21952e82e6e h1:y3Cmxs5joA6mMfuywB+cg5/Hb3RAxoXZpIVplEprv0c=
github.com/hippoai/goerr v0.0.0-20170815205148-e21952e82e6e/go.mod h1:KHaiPBOipm/wsDgyikNknSuXYs4tVj9dsISmyOSa/f8=
github.com/hippoai/graphgo v0.0.0-20170213171210-39b11a80ce2e h1:5nBEudWPd+9cVH11ZRyZSyf0kr7fAd9Rp6x2ZSqxzQY=
github.com/hippoai/graphgo v0.0.0-20170213171210-39b11a80ce2e/go.mod h1:6BDhcb8v5cyq2yN/Z8WziWFRzGkNplxSqUXjCfMG1zs=
github.com/pebbe/zmq4 v1.2.7 h1:6EaX83hdFSRUEhgzSW1E/SPoTS3JeYZgYkBvwdcrA9A=
github.com/pebbe/zmq4 v1.2.7/go.mod h1:nqnPueOapVhE2wItZ0uOErngczsJdLOGkebMxaO8r48=
github.com/zealws/golang-ring v0.0.0-20210116075443-7c86fdb43134 h1:o8x1yWkb96rs3zYOACdBSnncQF6zgukGUVK0zYiuRBA=
github.com/zealws/golang-ring v0.0.0-20210116075443-7c86fdb43134/go.mod h1:mJpgJ4uOM+lfdSLJY/C90lFn5+xbOApgkrrN6qkC6o4=
golang.org/x/xerrors v0.0.0-20191204190536-9bdfabe68543/go.mod h1:I/5z698sn9Ka8TeJc9MKroUUfqBBauWjQqLJ2OPfmY0=
google.golang.org/protobuf v1.26.0-rc.1/go.mod h1:jlhhOSvTdKEhbULTjvd4ARK9grFBp09yW+WbY/TyQbw=
google.golang.org/protobuf v1.27.1 h1:SnqbnDw1V7RiZcXPx5MEeqPv2s79L9i7BJUlG/+RurQ=
google.golang.org/protobuf v1.27.1/go.mod h1:9q0QmTI4eRPtz6boOQmLYwt+qCgq0jsYwAQnmE0givc=
